
Microsoft Visual Studio Solution File, Format Version 12.00
# Visual Studio Version 17
VisualStudioVersion = 17.5.33424.131
MinimumVisualStudioVersion = 10.0.40219.1
Project("{FAE04EC0-301F-11D3-BF4B-00C04F79EFBC}") = "Calculator", "Calculator\Calculator.csproj", "{39D7B997-5D4A-438F-A1ED-3B7B46515548}"
EndProject
Global
	GlobalSection(SolutionConfigurationPlatforms) = preSolution
		Debug|Any CPU = Debug|Any CPU
		Release|Any CPU = Release|Any CPU
	EndGlobalSection
	GlobalSection(ProjectConfigurationPlatforms) = postSolution
		{39D7B997-5D4A-438F-A1ED-3B7B46515548}.Debug|Any CPU.ActiveCfg = Debug|Any CPU
		{39D7B997-5D4A-438F-A1ED-3B7B46515548}.Debug|Any CPU.Build.0 = Debug|Any CPU
		{39D7B997-5D4A-438F-A1ED-3B7B46515548}.Release|Any CPU.ActiveCfg = Release|Any CPU
		{39D7B997-5D4A-438F-A1ED-3B7B46515548}.Release|Any CPU.Build.0 = Release|Any CPU
	EndGlobalSection
	GlobalSection(SolutionProperties) = preSolution
		HideSolutionNode = FALSE
	EndGlobalSection
	GlobalSection(ExtensibilityGlobals) = postSolution
		SolutionGuid = {A7F119C9-4AAE-4278-B247-4E7A2D7E5741}
	EndGlobalSection
EndGlobal
